
Microsoft Visual Studio Solution File, Format Version 12.00
# Visual Studio Version 17
VisualStudioVersion = 17.12.35527.113 d17.12
MinimumVisualStudioVersion = 10.0.40219.1
Project("{FAE04EC0-301F-11D3-BF4B-00C04F79EFBC}") = "PostmanCloneLibrary", "D:\PostmanCloneApp\PostmanCloneLibrary\PostmanCloneLibrary.csproj", "{ECE7D3A3-6B74-4E55-A9E9-CA24715190BA}"
EndProject
Project("{FAE04EC0-301F-11D3-BF4B-00C04F79EFBC}") = "PostmanCloneUI", "D:\PostmanCloneApp\PostmanCloneUI\PostmanCloneUI.csproj", "{6BE2E12F-136A-44F5-A6B0-4A78364B540B}"
EndProject
Global
	GlobalSection(SolutionConfigurationPlatforms) = preSolution
		Debug|Any CPU = Debug|Any CPU
		Release|Any CPU = Release|Any CPU
	EndGlobalSection
	GlobalSection(ProjectConfigurationPlatforms) = postSolution
		{ECE7D3A3-6B74-4E55-A9E9-CA24715190BA}.Debug|Any CPU.ActiveCfg = Debug|Any CPU
		{ECE7D3A3-6B74-4E55-A9E9-CA24715190BA}.Debug|Any CPU.Build.0 = Debug|Any CPU
		{ECE7D3A3-6B74-4E55-A9E9-CA24715190BA}.Release|Any CPU.ActiveCfg = Release|Any CPU
		{ECE7D3A3-6B74-4E55-A9E9-CA24715190BA}.Release|Any CPU.Build.0 = Release|Any CPU
		{6BE2E12F-136A-44F5-A6B0-4A78364B540B}.Debug|Any CPU.ActiveCfg = Debug|Any CPU
		{6BE2E12F-136A-44F5-A6B0-4A78364B540B}.Debug|Any CPU.Build.0 = Debug|Any CPU
		{6BE2E12F-136A-44F5-A6B0-4A78364B540B}.Release|Any CPU.ActiveCfg = Release|Any CPU
		{6BE2E12F-136A-44F5-A6B0-4A78364B540B}.Release|Any CPU.Build.0 = Release|Any CPU
	EndGlobalSection
	GlobalSection(SolutionProperties) = preSolution
		HideSolutionNode = FALSE
	EndGlobalSection
EndGlobal
